
Microsoft Visual Studio Solution File, Format Version 12.00
# Visual Studio Version 17
VisualStudioVersion = 17.7.34031.279
MinimumVisualStudioVersion = 10.0.40219.1
Project("{9A19103F-16F7-4668-BE54-9A1E7A4F7556}") = "SorteioHabitacaoThainan", "SorteioHabitacaoThainan\SorteioHabitacaoThainan.csproj", "{2D628800-8419-40DC-ACAA-27F3E5708195}"
EndProject
Project("{9A19103F-16F7-4668-BE54-9A1E7A4F7556}") = "SorteioHabitacaoThainan.Dominio", "SorteioHabitacaoThainan.Dominio\SorteioHabitacaoThainan.Dominio.csproj", "{5CF701DE-7C22-4B53-BEEB-2E8E64A089D4}"
EndProject
Project("{9A19103F-16F7-4668-BE54-9A1E7A4F7556}") = "SorteioHabitacaoThainan.Data", "SorteioHabitacaoThainan.Data\SorteioHabitacaoThainan.Data.csproj", "{B58B0F27-8171-42FE-947B-F949CC638B75}"
EndProject
Project("{9A19103F-16F7-4668-BE54-9A1E7A4F7556}") = "SorteioHabitacaoThainan.Service", "SorteioHabitacaoThainan.Service\SorteioHabitacaoThainan.Service.csproj", "{42DCDDC0-8301-4059-82B0-A9B0608F465A}"
EndProject
Project("{FAE04EC0-301F-11D3-BF4B-00C04F79EFBC}") = "SorteioHabitacaoThainan.Util", "SorteioHabitacaoThainan.Util\SorteioHabitacaoThainan.Util.csproj", "{E79BB1EE-35FD-4BEC-93B1-53A388F963E2}"
EndProject
Global
	GlobalSection(SolutionConfigurationPlatforms) = preSolution
		Debug|Any CPU = Debug|Any CPU
		Release|Any CPU = Release|Any CPU
	EndGlobalSection
	GlobalSection(ProjectConfigurationPlatforms) = postSolution
		{2D628800-8419-40DC-ACAA-27F3E5708195}.Debug|Any CPU.ActiveCfg = Debug|Any CPU
		{2D628800-8419-40DC-ACAA-27F3E5708195}.Debug|Any CPU.Build.0 = Debug|Any CPU
		{2D628800-8419-40DC-ACAA-27F3E5708195}.Release|Any CPU.ActiveCfg = Release|Any CPU
		{2D628800-8419-40DC-ACAA-27F3E5708195}.Release|Any CPU.Build.0 = Release|Any CPU
		{5CF701DE-7C22-4B53-BEEB-2E8E64A089D4}.Debug|Any CPU.ActiveCfg = Debug|Any CPU
		{5CF701DE-7C22-4B53-BEEB-2E8E64A089D4}.Debug|Any CPU.Build.0 = Debug|Any CPU
		{5CF701DE-7C22-4B53-BEEB-2E8E64A089D4}.Release|Any CPU.ActiveCfg = Release|Any CPU
		{5CF701DE-7C22-4B53-BEEB-2E8E64A089D4}.Release|Any CPU.Build.0 = Release|Any CPU
		{B58B0F27-8171-42FE-947B-F949CC638B75}.Debug|Any CPU.ActiveCfg = Debug|Any CPU
		{B58B0F27-8171-42FE-947B-F949CC638B75}.Debug|Any CPU.Build.0 = Debug|Any CPU
		{B58B0F27-8171-42FE-947B-F949CC638B75}.Release|Any CPU.ActiveCfg = Release|Any CPU
		{B58B0F27-8171-42FE-947B-F949CC638B75}.Release|Any CPU.Build.0 = Release|Any CPU
		{42DCDDC0-8301-4059-82B0-A9B0608F465A}.Debug|Any CPU.ActiveCfg = Debug|Any CPU
		{42DCDDC0-8301-4059-82B0-A9B0608F465A}.Debug|Any CPU.Build.0 = Debug|Any CPU
		{42DCDDC0-8301-4059-82B0-A9B0608F465A}.Release|Any CPU.ActiveCfg = Release|Any CPU
		{42DCDDC0-8301-4059-82B0-A9B0608F465A}.Release|Any CPU.Build.0 = Release|Any CPU
		{E79BB1EE-35FD-4BEC-93B1-53A388F963E2}.Debug|Any CPU.ActiveCfg = Debug|Any CPU
		{E79BB1EE-35FD-4BEC-93B1-53A388F963E2}.Debug|Any CPU.Build.0 = Debug|Any CPU
		{E79BB1EE-35FD-4BEC-93B1-53A388F963E2}.Release|Any CPU.ActiveCfg = Release|Any CPU
		{E79BB1EE-35FD-4BEC-93B1-53A388F963E2}.Release|Any CPU.Build.0 = Release|Any CPU
	EndGlobalSection
	GlobalSection(SolutionProperties) = preSolution
		HideSolutionNode = FALSE
	EndGlobalSection
	GlobalSection(ExtensibilityGlobals) = postSolution
		SolutionGuid = {1BFB6D2C-F307-4B34-B784-8496E4F97918}
	EndGlobalSection
EndGlobal
